{
    "hash": "cafbb2674e4c7a96e280f876982bc465",
    "packages": [
        {
            "package": "pimple/pimple",
            "version": "dev-master",
            "alias-pretty-version": "1.0.x-dev",
            "alias-version": "1.0.9999999.9999999-dev"
        },
        {
            "package": "pimple/pimple",
            "version": "dev-master",
            "source-reference": "b9f27b8dc18c08f00627dec02359b46a24791dc3"
        },
        {
            "package": "silex/silex",
            "version": "dev-master",
            "alias-pretty-version": "1.0.x-dev",
            "alias-version": "1.0.9999999.9999999-dev"
        },
        {
            "package": "silex/silex",
            "version": "dev-master",
            "source-reference": "a9e34f08ab00c4cc6c97e7ae8fdf7d0fc367e5f5"
        },
        {
            "package": "symfony/event-dispatcher",
            "version": "v2.1.1"
        },
        {
            "package": "symfony/http-foundation",
            "version": "v2.1.1"
        },
        {
            "package": "symfony/http-kernel",
            "version": "v2.1.1"
        },
        {
            "package": "symfony/routing",
            "version": "v2.1.1"
        },
        {
            "package": "twig/twig",
            "version": "1.6.x-dev",
            "source-reference": "v1.6.5"
        }
    ],
    "packages-dev": null,
    "aliases": [

    ],
    "minimum-stability": "stable",
    "stability-flags": [

    ]
}
